github.com/platenio/platen/modules/platen v0.0.0-20230201010936-058d7b1f175e h1:Vm/vmrNhXy8uZ9AuHuCBdDdd7R8bk0xZ7gng0uY5YWk=
github.com/platenio/platen/modules/platen v0.0.0-20230201010936-058d7b1f175e/go.mod h1:7pfizXCKb4vonp6Og/3zkoy09YYsHip9/hXiT/pc3IM=
github.com/platenio/platen/modules/platen v0.0.0-20230206190051-ee754716b31e h1:xsmzhX2h6ZkPJDr7viGvdThjO7Oi4bcvGmt/IU755nM=
github.com/platenio/platen/modules/platen v0.0.0-20230206190051-ee754716b31e/go.mod h1:7pfizXCKb4vonp6Og/3zkoy09YYsHip9/hXiT/pc3IM=
