github.com/alex-shpak/hugo-book v0.0.0-20210907200533-6aef8ef1c776 h1:wRep+NGTXIK1oNLj0gHKEAcYrdFD8+Qh+OfGx3Mzbrw=
github.com/alex-shpak/hugo-book v0.0.0-20210907200533-6aef8ef1c776/go.mod h1:L4NMyzbn15fpLIpmmtDg9ZFFyTZzw87/lk7M2bMQ7ds=
github.com/platenio/hugo-platen v0.0.0-20210908032145-33863a0ed75f h1:yfy8aysH2gu8AYOwV133aimIGxosqqjwDa8g3h4Eqlw=
github.com/platenio/hugo-platen v0.0.0-20210908032145-33863a0ed75f/go.mod h1:oKKoHERB/TNznzstUQiRFuVaqMyk/l8jtUTXR1M+6bk=
